
Microsoft Visual Studio Solution File, Format Version 12.00
# Visual Studio Version 17
VisualStudioVersion = 17.3.32929.385
MinimumVisualStudioVersion = 10.0.40219.1
Project("{FAE04EC0-301F-11D3-BF4B-00C04F79EFBC}") = "WpfApp3", "WpfApp3\WpfApp3.csproj", "{D77DFDFA-8E81-4A81-993F-39E569BB703A}"
EndProject
Global
	GlobalSection(SolutionConfigurationPlatforms) = preSolution
		Debug|Any CPU = Debug|Any CPU
		Release|Any CPU = Release|Any CPU
	EndGlobalSection
	GlobalSection(ProjectConfigurationPlatforms) = postSolution
		{D77DFDFA-8E81-4A81-993F-39E569BB703A}.Debug|Any CPU.ActiveCfg = Debug|Any CPU
		{D77DFDFA-8E81-4A81-993F-39E569BB703A}.Debug|Any CPU.Build.0 = Debug|Any CPU
		{D77DFDFA-8E81-4A81-993F-39E569BB703A}.Release|Any CPU.ActiveCfg = Release|Any CPU
		{D77DFDFA-8E81-4A81-993F-39E569BB703A}.Release|Any CPU.Build.0 = Release|Any CPU
	EndGlobalSection
	GlobalSection(SolutionProperties) = preSolution
		HideSolutionNode = FALSE
	EndGlobalSection
	GlobalSection(ExtensibilityGlobals) = postSolution
		SolutionGuid = {35752710-82EA-4D83-9B36-B6400BF98807}
	EndGlobalSection
EndGlobal
